
Microsoft Visual Studio Solution File, Format Version 12.00
# Visual Studio 15
VisualStudioVersion = 15.0.28010.2050
MinimumVisualStudioVersion = 10.0.40219.1
Project("{FAE04EC0-301F-11D3-BF4B-00C04F79EFBC}") = "TestProjects", "TestProjects\TestProjects.csproj", "{AFD3DE72-4824-4C42-8A50-22B8351DA2B7}"
EndProject
Global
	GlobalSection(SolutionConfigurationPlatforms) = preSolution
		Debug|Any CPU = Debug|Any CPU
		Release|Any CPU = Release|Any CPU
	EndGlobalSection
	GlobalSection(ProjectConfigurationPlatforms) = postSolution
		{AFD3DE72-4824-4C42-8A50-22B8351DA2B7}.Debug|Any CPU.ActiveCfg = Debug|Any CPU
		{AFD3DE72-4824-4C42-8A50-22B8351DA2B7}.Debug|Any CPU.Build.0 = Debug|Any CPU
		{AFD3DE72-4824-4C42-8A50-22B8351DA2B7}.Release|Any CPU.ActiveCfg = Release|Any CPU
		{AFD3DE72-4824-4C42-8A50-22B8351DA2B7}.Release|Any CPU.Build.0 = Release|Any CPU
	EndGlobalSection
	GlobalSection(SolutionProperties) = preSolution
		HideSolutionNode = FALSE
	EndGlobalSection
	GlobalSection(ExtensibilityGlobals) = postSolution
		SolutionGuid = {382BD998-3C32-4145-88F7-BADA40CDC5FC}
	EndGlobalSection
EndGlobal
